{
  "name": "graalvm-js-test",
  "version": "1.0.0",
  "lockfileVersion": 3,
  "requires": true,
  "packages": {
    "": {
      "name": "graalvm-js-test",
      "version": "1.0.0",
      "license": "ISC",
      "dependencies": {
        "@perf-tools/performance": "1.1.1",
        "@strudel/core": "1.2.5",
        "@strudel/mini": "1.2.5",
        "@strudel/tonal": "1.2.5",
        "@strudel/transpiler": "1.2.5",
        "pretty-format": "30.2.0"
      },
      "devDependencies": {
        "esbuild": "^0.27.2"
      }
    },
    "node_modules/@babel/runtime": {
      "version": "7.28.4",
      "resolved": "https://registry.npmjs.org/@babel/runtime/-/runtime-7.28.4.tgz",
      "integrity": "sha512-Q/N6JNWvIvPnLDvjlE1OUBLPQHH6l3CltCEsHIujp45zQUSSh8K+gHnaEX45yAT1nyngnINhvWtzN+Nb9D8RAQ==",
      "license": "MIT",
      "engines": {
        "node": ">=6.9.0"
      }
    },
    "node_modules/@esbuild/aix-ppc64": {
      "version": "0.27.2",
      "resolved": "https://registry.npmjs.org/@esbuild/aix-ppc64/-/aix-ppc64-0.27.2.tgz",
      "integrity": "sha512-GZMB+a0mOMZs4MpDbj8RJp4cw+w1WV5NYD6xzgvzUJ5Ek2jerwfO2eADyI6ExDSUED+1X8aMbegahsJi+8mgpw==",
      "cpu": [
        "ppc64"
      ],
      "dev": true,
      "license": "MIT",
      "optional": true,
      "os": [
        "aix"
      ],
      "engines": {
        "node": ">=18"
      }
    },
    "node_modules/@esbuild/android-arm": {
      "version": "0.27.2",
      "resolved": "https://registry.npmjs.org/@esbuild/android-arm/-/android-arm-0.27.2.tgz",
      "integrity": "sha512-DVNI8jlPa7Ujbr1yjU2PfUSRtAUZPG9I1RwW4F4xFB1Imiu2on0ADiI/c3td+KmDtVKNbi+nffGDQMfcIMkwIA==",
      "cpu": [
        "arm"
      ],
      "dev": true,
      "license": "MIT",
      "optional": true,
      "os": [
        "android"
      ],
      "engines": {
        "node": ">=18"
      }
    },
    "node_modules/@esbuild/android-arm64": {
      "version": "0.27.2",
      "resolved": "https://registry.npmjs.org/@esbuild/android-arm64/-/android-arm64-0.27.2.tgz",
      "integrity": "sha512-pvz8ZZ7ot/RBphf8fv60ljmaoydPU12VuXHImtAs0XhLLw+EXBi2BLe3OYSBslR4rryHvweW5gmkKFwTiFy6KA==",
      "cpu": [
        "arm64"
      ],
      "dev": true,
      "license": "MIT",
      "optional": true,
      "os": [
        "android"
      ],
      "engines": {
        "node": ">=18"
      }
    },
    "node_modules/@esbuild/android-x64": {
      "version": "0.27.2",
      "resolved": "https://registry.npmjs.org/@esbuild/android-x64/-/android-x64-0.27.2.tgz",
      "integrity": "sha512-z8Ank4Byh4TJJOh4wpz8g2vDy75zFL0TlZlkUkEwYXuPSgX8yzep596n6mT7905kA9uHZsf/o2OJZubl2l3M7A==",
      "cpu": [
        "x64"
      ],
      "dev": true,
      "license": "MIT",
      "optional": true,
      "os": [
        "android"
      ],
      "engines": {
        "node": ">=18"
      }
    },
    "node_modules/@esbuild/darwin-arm64": {
      "version": "0.27.2",
      "resolved": "https://registry.npmjs.org/@esbuild/darwin-arm64/-/darwin-arm64-0.27.2.tgz",
      "integrity": "sha512-davCD2Zc80nzDVRwXTcQP/28fiJbcOwvdolL0sOiOsbwBa72kegmVU0Wrh1MYrbuCL98Omp5dVhQFWRKR2ZAlg==",
      "cpu": [
        "arm64"
      ],
      "dev": true,
      "license": "MIT",
      "optional": true,
      "os": [
        "darwin"
      ],
      "engines": {
        "node": ">=18"
      }
    },
    "node_modules/@esbuild/darwin-x64": {
      "version": "0.27.2",
      "resolved": "https://registry.npmjs.org/@esbuild/darwin-x64/-/darwin-x64-0.27.2.tgz",
      "integrity": "sha512-ZxtijOmlQCBWGwbVmwOF/UCzuGIbUkqB1faQRf5akQmxRJ1ujusWsb3CVfk/9iZKr2L5SMU5wPBi1UWbvL+VQA==",
      "cpu": [
        "x64"
      ],
      "dev": true,
      "license": "MIT",
      "optional": true,
      "os": [
        "darwin"
      ],
      "engines": {
        "node": ">=18"
      }
    },
    "node_modules/@esbuild/freebsd-arm64": {
      "version": "0.27.2",
      "resolved": "https://registry.npmjs.org/@esbuild/freebsd-arm64/-/freebsd-arm64-0.27.2.tgz",
      "integrity": "sha512-lS/9CN+rgqQ9czogxlMcBMGd+l8Q3Nj1MFQwBZJyoEKI50XGxwuzznYdwcav6lpOGv5BqaZXqvBSiB/kJ5op+g==",
      "cpu": [
        "arm64"
      ],
      "dev": true,
      "license": "MIT",
      "optional": true,
      "os": [
        "freebsd"
      ],
      "engines": {
        "node": ">=18"
      }
    },
    "node_modules/@esbuild/freebsd-x64": {
      "version": "0.27.2",
      "resolved": "https://registry.npmjs.org/@esbuild/freebsd-x64/-/freebsd-x64-0.27.2.tgz",
      "integrity": "sha512-tAfqtNYb4YgPnJlEFu4c212HYjQWSO/w/h/lQaBK7RbwGIkBOuNKQI9tqWzx7Wtp7bTPaGC6MJvWI608P3wXYA==",
      "cpu": [
        "x64"
      ],
      "dev": true,
      "license": "MIT",
      "optional": true,
      "os": [
        "freebsd"
      ],
      "engines": {
        "node": ">=18"
      }
    },
    "node_modules/@esbuild/linux-arm": {
      "version": "0.27.2",
      "resolved": "https://registry.npmjs.org/@esbuild/linux-arm/-/linux-arm-0.27.2.tgz",
      "integrity": "sha512-vWfq4GaIMP9AIe4yj1ZUW18RDhx6EPQKjwe7n8BbIecFtCQG4CfHGaHuh7fdfq+y3LIA2vGS/o9ZBGVxIDi9hw==",
      "cpu": [
        "arm"
      ],
      "dev": true,
      "license": "MIT",
      "optional": true,
      "os": [
        "linux"
      ],
      "engines": {
        "node": ">=18"
      }
    },
    "node_modules/@esbuild/linux-arm64": {
      "version": "0.27.2",
      "resolved": "https://registry.npmjs.org/@esbuild/linux-arm64/-/linux-arm64-0.27.2.tgz",
      "integrity": "sha512-hYxN8pr66NsCCiRFkHUAsxylNOcAQaxSSkHMMjcpx0si13t1LHFphxJZUiGwojB1a/Hd5OiPIqDdXONia6bhTw==",
      "cpu": [
        "arm64"
      ],
      "dev": true,
      "license": "MIT",
      "optional": true,
      "os": [
        "linux"
      ],
      "engines": {
        "node": ">=18"
      }
    },
    "node_modules/@esbuild/linux-ia32": {
      "version": "0.27.2",
      "resolved": "https://registry.npmjs.org/@esbuild/linux-ia32/-/linux-ia32-0.27.2.tgz",
      "integrity": "sha512-MJt5BRRSScPDwG2hLelYhAAKh9imjHK5+NE/tvnRLbIqUWa+0E9N4WNMjmp/kXXPHZGqPLxggwVhz7QP8CTR8w==",
      "cpu": [
        "ia32"
      ],
      "dev": true,
      "license": "MIT",
      "optional": true,
      "os": [
        "linux"
      ],
      "engines": {
        "node": ">=18"
      }
    },
    "node_modules/@esbuild/linux-loong64": {
      "version": "0.27.2",
      "resolved": "https://registry.npmjs.org/@esbuild/linux-loong64/-/linux-loong64-0.27.2.tgz",
      "integrity": "sha512-lugyF1atnAT463aO6KPshVCJK5NgRnU4yb3FUumyVz+cGvZbontBgzeGFO1nF+dPueHD367a2ZXe1NtUkAjOtg==",
      "cpu": [
        "loong64"
      ],
      "dev": true,
      "license": "MIT",
      "optional": true,
      "os": [
        "linux"
      ],
      "engines": {
        "node": ">=18"
      }
    },
    "node_modules/@esbuild/linux-mips64el": {
      "version": "0.27.2",
      "resolved": "https://registry.npmjs.org/@esbuild/linux-mips64el/-/linux-mips64el-0.27.2.tgz",
      "integrity": "sha512-nlP2I6ArEBewvJ2gjrrkESEZkB5mIoaTswuqNFRv/WYd+ATtUpe9Y09RnJvgvdag7he0OWgEZWhviS1OTOKixw==",
      "cpu": [
        "mips64el"
      ],
      "dev": true,
      "license": "MIT",
      "optional": true,
      "os": [
        "linux"
      ],
      "engines": {
        "node": ">=18"
      }
    },
    "node_modules/@esbuild/linux-ppc64": {
      "version": "0.27.2",
      "resolved": "https://registry.npmjs.org/@esbuild/linux-ppc64/-/linux-ppc64-0.27.2.tgz",
      "integrity": "sha512-C92gnpey7tUQONqg1n6dKVbx3vphKtTHJaNG2Ok9lGwbZil6DrfyecMsp9CrmXGQJmZ7iiVXvvZH6Ml5hL6XdQ==",
      "cpu": [
        "ppc64"
      ],
      "dev": true,
      "license": "MIT",
      "optional": true,
      "os": [
        "linux"
      ],
      "engines": {
        "node": ">=18"
      }
    },
    "node_modules/@esbuild/linux-riscv64": {
      "version": "0.27.2",
      "resolved": "https://registry.npmjs.org/@esbuild/linux-riscv64/-/linux-riscv64-0.27.2.tgz",
      "integrity": "sha512-B5BOmojNtUyN8AXlK0QJyvjEZkWwy/FKvakkTDCziX95AowLZKR6aCDhG7LeF7uMCXEJqwa8Bejz5LTPYm8AvA==",
      "cpu": [
        "riscv64"
      ],
      "dev": true,
      "license": "MIT",
      "optional": true,
      "os": [
        "linux"
      ],
      "engines": {
        "node": ">=18"
      }
    },
    "node_modules/@esbuild/linux-s390x": {
      "version": "0.27.2",
      "resolved": "https://registry.npmjs.org/@esbuild/linux-s390x/-/linux-s390x-0.27.2.tgz",
      "integrity": "sha512-p4bm9+wsPwup5Z8f4EpfN63qNagQ47Ua2znaqGH6bqLlmJ4bx97Y9JdqxgGZ6Y8xVTixUnEkoKSHcpRlDnNr5w==",
      "cpu": [
        "s390x"
      ],
      "dev": true,
      "license": "MIT",
      "optional": true,
      "os": [
        "linux"
      ],
      "engines": {
        "node": ">=18"
      }
    },
    "node_modules/@esbuild/linux-x64": {
      "version": "0.27.2",
      "resolved": "https://registry.npmjs.org/@esbuild/linux-x64/-/linux-x64-0.27.2.tgz",
      "integrity": "sha512-uwp2Tip5aPmH+NRUwTcfLb+W32WXjpFejTIOWZFw/v7/KnpCDKG66u4DLcurQpiYTiYwQ9B7KOeMJvLCu/OvbA==",
      "cpu": [
        "x64"
      ],
      "dev": true,
      "license": "MIT",
      "optional": true,
      "os": [
        "linux"
      ],
      "engines": {
        "node": ">=18"
      }
    },
    "node_modules/@esbuild/netbsd-arm64": {
      "version": "0.27.2",
      "resolved": "https://registry.npmjs.org/@esbuild/netbsd-arm64/-/netbsd-arm64-0.27.2.tgz",
      "integrity": "sha512-Kj6DiBlwXrPsCRDeRvGAUb/LNrBASrfqAIok+xB0LxK8CHqxZ037viF13ugfsIpePH93mX7xfJp97cyDuTZ3cw==",
      "cpu": [
        "arm64"
      ],
      "dev": true,
      "license": "MIT",
      "optional": true,
      "os": [
        "netbsd"
      ],
      "engines": {
        "node": ">=18"
      }
    },
    "node_modules/@esbuild/netbsd-x64": {
      "version": "0.27.2",
      "resolved": "https://registry.npmjs.org/@esbuild/netbsd-x64/-/netbsd-x64-0.27.2.tgz",
      "integrity": "sha512-HwGDZ0VLVBY3Y+Nw0JexZy9o/nUAWq9MlV7cahpaXKW6TOzfVno3y3/M8Ga8u8Yr7GldLOov27xiCnqRZf0tCA==",
      "cpu": [
        "x64"
      ],
      "dev": true,
      "license": "MIT",
      "optional": true,
      "os": [
        "netbsd"
      ],
      "engines": {
        "node": ">=18"
      }
    },
    "node_modules/@esbuild/openbsd-arm64": {
      "version": "0.27.2",
      "resolved": "https://registry.npmjs.org/@esbuild/openbsd-arm64/-/openbsd-arm64-0.27.2.tgz",
      "integrity": "sha512-DNIHH2BPQ5551A7oSHD0CKbwIA/Ox7+78/AWkbS5QoRzaqlev2uFayfSxq68EkonB+IKjiuxBFoV8ESJy8bOHA==",
      "cpu": [
        "arm64"
      ],
      "dev": true,
      "license": "MIT",
      "optional": true,
      "os": [
        "openbsd"
      ],
      "engines": {
        "node": ">=18"
      }
    },
    "node_modules/@esbuild/openbsd-x64": {
      "version": "0.27.2",
      "resolved": "https://registry.npmjs.org/@esbuild/openbsd-x64/-/openbsd-x64-0.27.2.tgz",
      "integrity": "sha512-/it7w9Nb7+0KFIzjalNJVR5bOzA9Vay+yIPLVHfIQYG/j+j9VTH84aNB8ExGKPU4AzfaEvN9/V4HV+F+vo8OEg==",
      "cpu": [
        "x64"
      ],
      "dev": true,
      "license": "MIT",
      "optional": true,
      "os": [
        "openbsd"
      ],
      "engines": {
        "node": ">=18"
      }
    },
    "node_modules/@esbuild/openharmony-arm64": {
      "version": "0.27.2",
      "resolved": "https://registry.npmjs.org/@esbuild/openharmony-arm64/-/openharmony-arm64-0.27.2.tgz",
      "integrity": "sha512-LRBbCmiU51IXfeXk59csuX/aSaToeG7w48nMwA6049Y4J4+VbWALAuXcs+qcD04rHDuSCSRKdmY63sruDS5qag==",
      "cpu": [
        "arm64"
      ],
      "dev": true,
      "license": "MIT",
      "optional": true,
      "os": [
        "openharmony"
      ],
      "engines": {
        "node": ">=18"
      }
    },
    "node_modules/@esbuild/sunos-x64": {
      "version": "0.27.2",
      "resolved": "https://registry.npmjs.org/@esbuild/sunos-x64/-/sunos-x64-0.27.2.tgz",
      "integrity": "sha512-kMtx1yqJHTmqaqHPAzKCAkDaKsffmXkPHThSfRwZGyuqyIeBvf08KSsYXl+abf5HDAPMJIPnbBfXvP2ZC2TfHg==",
      "cpu": [
        "x64"
      ],
      "dev": true,
      "license": "MIT",
      "optional": true,
      "os": [
        "sunos"
      ],
      "engines": {
        "node": ">=18"
      }
    },
    "node_modules/@esbuild/win32-arm64": {
      "version": "0.27.2",
      "resolved": "https://registry.npmjs.org/@esbuild/win32-arm64/-/win32-arm64-0.27.2.tgz",
      "integrity": "sha512-Yaf78O/B3Kkh+nKABUF++bvJv5Ijoy9AN1ww904rOXZFLWVc5OLOfL56W+C8F9xn5JQZa3UX6m+IktJnIb1Jjg==",
      "cpu": [
        "arm64"
      ],
      "dev": true,
      "license": "MIT",
      "optional": true,
      "os": [
        "win32"
      ],
      "engines": {
        "node": ">=18"
      }
    },
    "node_modules/@esbuild/win32-ia32": {
      "version": "0.27.2",
      "resolved": "https://registry.npmjs.org/@esbuild/win32-ia32/-/win32-ia32-0.27.2.tgz",
      "integrity": "sha512-Iuws0kxo4yusk7sw70Xa2E2imZU5HoixzxfGCdxwBdhiDgt9vX9VUCBhqcwY7/uh//78A1hMkkROMJq9l27oLQ==",
      "cpu": [
        "ia32"
      ],
      "dev": true,
      "license": "MIT",
      "optional": true,
      "os": [
        "win32"
      ],
      "engines": {
        "node": ">=18"
      }
    },
    "node_modules/@esbuild/win32-x64": {
      "version": "0.27.2",
      "resolved": "https://registry.npmjs.org/@esbuild/win32-x64/-/win32-x64-0.27.2.tgz",
      "integrity": "sha512-sRdU18mcKf7F+YgheI/zGf5alZatMUTKj/jNS6l744f9u3WFu4v7twcUI9vu4mknF4Y9aDlblIie0IM+5xxaqQ==",
      "cpu": [
        "x64"
      ],
      "dev": true,
      "license": "MIT",
      "optional": true,
      "os": [
        "win32"
      ],
      "engines": {
        "node": ">=18"
      }
    },
    "node_modules/@jest/schemas": {
      "version": "30.0.5",
      "resolved": "https://registry.npmjs.org/@jest/schemas/-/schemas-30.0.5.tgz",
      "integrity": "sha512-DmdYgtezMkh3cpU8/1uyXakv3tJRcmcXxBOcO0tbaozPwpmh4YMsnWrQm9ZmZMfa5ocbxzbFk6O4bDPEc/iAnA==",
      "license": "MIT",
      "dependencies": {
        "@sinclair/typebox": "^0.34.0"
      },
      "engines": {
        "node": "^18.14.0 || ^20.0.0 || ^22.0.0 || >=24.0.0"
      }
    },
    "node_modules/@perf-tools/performance": {
      "version": "1.1.1",
      "resolved": "https://registry.npmjs.org/@perf-tools/performance/-/performance-1.1.1.tgz",
      "integrity": "sha512-rlNdZEQTeJXfwpszmJ7KwjJWQ7qZyBAy5AcPzD+Ged1ukTAhd6+Q7A1KJLRAkF/yrL1BKxaIfHy/dpt0CtmK0Q==",
      "license": "MIT"
    },
    "node_modules/@sinclair/typebox": {
      "version": "0.34.41",
      "resolved": "https://registry.npmjs.org/@sinclair/typebox/-/typebox-0.34.41.tgz",
      "integrity": "sha512-6gS8pZzSXdyRHTIqoqSVknxolr1kzfy4/CeDnrzsVz8TTIWUbOBr6gnzOmTYJ3eXQNh4IYHIGi5aIL7sOZ2G/g==",
      "license": "MIT"
    },
    "node_modules/@strudel/core": {
      "version": "1.2.5",
      "resolved": "https://registry.npmjs.org/@strudel/core/-/core-1.2.5.tgz",
      "integrity": "sha512-XO6ICbfuGfvaQ4sZmfIFsPDcjFez/+AVpNgJnmks5gtMMQNXpr0reuee61tvMiu2k5QYKzxWgzDl2FF9pJeIgA==",
      "license": "AGPL-3.0-or-later",
      "dependencies": {
        "fraction.js": "^5.2.1"
      }
    },
    "node_modules/@strudel/mini": {
      "version": "1.2.5",
      "resolved": "https://registry.npmjs.org/@strudel/mini/-/mini-1.2.5.tgz",
      "integrity": "sha512-GmTWSBt49C3ogBy0hjM3bmf6K12PaJ1JJLsEvQu7j5J+lUd2n7GmLYR1UL6fntY4yVqT8ZwMhfUf6vIgUCTNbw==",
      "license": "AGPL-3.0-or-later",
      "dependencies": {
        "@strudel/core": "1.2.5"
      }
    },
    "node_modules/@strudel/tonal": {
      "version": "1.2.5",
      "resolved": "https://registry.npmjs.org/@strudel/tonal/-/tonal-1.2.5.tgz",
      "integrity": "sha512-mX3uW0nWH8Sa52HTLwnxlR5BrejFX77abeaiMbp+kQCMrX9I+XRdf8rEr7gdeInB6f/y2TzTVFpnsNsB5jLdoA==",
      "license": "AGPL-3.0-or-later",
      "dependencies": {
        "@strudel/core": "1.2.5",
        "@tonaljs/tonal": "^4.10.0",
        "chord-voicings": "^0.0.1",
        "webmidi": "^3.1.12"
      }
    },
    "node_modules/@strudel/transpiler": {
      "version": "1.2.5",
      "resolved": "https://registry.npmjs.org/@strudel/transpiler/-/transpiler-1.2.5.tgz",
      "integrity": "sha512-mBZWfQBzknvnIYsjjzR8D67A+uIZ1iZ60U2WoXT21q5luXKz2c95RcTpqdx3oOGpLK9K00lDzcKjhQDJtj4OKw==",
      "license": "AGPL-3.0-or-later",
      "dependencies": {
        "@strudel/core": "1.2.5",
        "@strudel/mini": "1.2.5",
        "acorn": "^8.14.0",
        "escodegen": "^2.1.0",
        "estree-walker": "^3.0.3"
      }
    },
    "node_modules/@tonaljs/abc-notation": {
      "version": "4.9.1",
      "resolved": "https://registry.npmjs.org/@tonaljs/abc-notation/-/abc-notation-4.9.1.tgz",
      "integrity": "sha512-2fDUdPsFDdgZgyIiZCTYGKy30QiwIQxSXCSN2thGrSMXbQKCp8iTC8haStYcrA+25MPWhWlmvC/pz3tGcTNAqQ==",
      "license": "MIT",
      "dependencies": {
        "@tonaljs/pitch-distance": "5.0.5",
        "@tonaljs/pitch-note": "6.1.0"
      }
    },
    "node_modules/@tonaljs/array": {
      "version": "4.8.4",
      "resolved": "https://registry.npmjs.org/@tonaljs/array/-/array-4.8.4.tgz",
      "integrity": "sha512-97HVdpZy82PqNBDMM9PRSbO2DUrnxNg3++N4xqLpfby70fKHAHhTWrMXWZK+Dzs76HDPQLd+qhd4cq28eBZzjw==",
      "license": "MIT",
      "dependencies": {
        "@tonaljs/pitch-note": "6.1.0"
      }
    },
    "node_modules/@tonaljs/chord": {
      "version": "4.10.2",
      "resolved": "https://registry.npmjs.org/@tonaljs/chord/-/chord-4.10.2.tgz",
      "integrity": "sha512-Zlqtq6c6T4y+EqvwHRQp9icEjHqyniCpnIwwCFg5amgAQwXmWzarouOOSmcdJ1Is92eEvcPVuCoLiVUtajS30A==",
      "license": "MIT",
      "dependencies": {
        "@tonaljs/chord-detect": "^4.8.1",
        "@tonaljs/chord-type": "^4.8.2",
        "@tonaljs/collection": "^4.8.0",
        "@tonaljs/core": "^4.10.0",
        "@tonaljs/pcset": "^4.8.2",
        "@tonaljs/scale-type": "^4.8.2"
      }
    },
    "node_modules/@tonaljs/chord-detect": {
      "version": "4.9.1",
      "resolved": "https://registry.npmjs.org/@tonaljs/chord-detect/-/chord-detect-4.9.1.tgz",
      "integrity": "sha512-rV/9+R7aZ9cQorQ3jdNMMMh63onosglYZM71Q0n7KKcWMAGrxF66MzxBG82xy+w1QDMJQslB3iHfDHUiS6wRjA==",
      "license": "MIT",
      "dependencies": {
        "@tonaljs/chord-type": "5.1.1",
        "@tonaljs/pcset": "4.10.1",
        "@tonaljs/pitch-note": "6.1.0"
      }
    },
    "node_modules/@tonaljs/chord-detect/node_modules/@tonaljs/chord-type": {
      "version": "5.1.1",
      "resolved": "https://registry.npmjs.org/@tonaljs/chord-type/-/chord-type-5.1.1.tgz",
      "integrity": "sha512-ti4WzRYvvjH7to0G3zlJFq7WsjHqmcqbk8Jv98aZSR5YumLdY/ua2yOPPyoPq82n6vfgjZsacnAZ3v8/SodOcw==",
      "license": "MIT",
      "dependencies": {
        "@tonaljs/pcset": "4.10.1"
      }
    },
    "node_modules/@tonaljs/chord-type": {
      "version": "4.8.2",
      "resolved": "https://registry.npmjs.org/@tonaljs/chord-type/-/chord-type-4.8.2.tgz",
      "integrity": "sha512-GzSTjQmZjkUdPhyesFDeJbxpW8R7L/bAE34E8ApGAh9FMcKYpRdX3Tn+gkluRsXOiRMfW07p3E0Adx4bjtyN+Q==",
      "license": "MIT",
      "dependencies": {
        "@tonaljs/core": "^4.8.0",
        "@tonaljs/pcset": "^4.8.2"
      }
    },
    "node_modules/@tonaljs/collection": {
      "version": "4.9.0",
      "resolved": "https://registry.npmjs.org/@tonaljs/collection/-/collection-4.9.0.tgz",
      "integrity": "sha512-Mk0h7O54nT6PgNVcUYauzxa5KOB23+0AOKudWzRH7JhJIN9vhVIC7PtwZXE+/G051UTbHSFIcN/afkgF4nB/8A==",
      "license": "MIT"
    },
    "node_modules/@tonaljs/core": {
      "version": "4.10.4",
      "resolved": "https://registry.npmjs.org/@tonaljs/core/-/core-4.10.4.tgz",
      "integrity": "sha512-PhGlQ2Js6rFQ6CufkSiBpEJoPS8QIIhbXSXhT4U+5ffqckli+YBZRN24vjZ4AEKuX8xoYDmCCbl+r6agauvzmw==",
      "license": "MIT",
      "dependencies": {
        "@tonaljs/pitch": "5.0.1",
        "@tonaljs/pitch-distance": "5.0.2",
        "@tonaljs/pitch-interval": "5.0.2",
        "@tonaljs/pitch-note": "5.0.3"
      }
    },
    "node_modules/@tonaljs/core/node_modules/@tonaljs/pitch-distance": {
      "version": "5.0.2",
      "resolved": "https://registry.npmjs.org/@tonaljs/pitch-distance/-/pitch-distance-5.0.2.tgz",
      "integrity": "sha512-DPxfGJCf4BvfIVRxl2v142tuCKIziM6PomOBT0/s7U5o+Z5qFAIW0tNx/MKyL83guV74p+XIf5VI0w1flmXxDA==",
      "license": "MIT",
      "dependencies": {
        "@tonaljs/pitch": "5.0.1",
        "@tonaljs/pitch-interval": "5.0.2",
        "@tonaljs/pitch-note": "5.0.3"
      }
    },
    "node_modules/@tonaljs/core/node_modules/@tonaljs/pitch-note": {
      "version": "5.0.3",
      "resolved": "https://registry.npmjs.org/@tonaljs/pitch-note/-/pitch-note-5.0.3.tgz",
      "integrity": "sha512-JsPgqPa8VZdZtfwvgoHJz996BZqzvlnRxUF6c/Q9q8E0iq30UHBEid0Y6XldK+h6tuIENsG3a9jyvNNxRqIeYw==",
      "license": "MIT",
      "dependencies": {
        "@tonaljs/pitch": "5.0.1"
      }
    },
    "node_modules/@tonaljs/duration-value": {
      "version": "4.9.0",
      "resolved": "https://registry.npmjs.org/@tonaljs/duration-value/-/duration-value-4.9.0.tgz",
      "integrity": "sha512-Muz54HyIe0nMYKWx6wyTa4y17ma29DtpJF4/oqJphy6A124rAVDe/SKit8JGOvDYAQj71FUXqs17sXBxO/ExVw==",
      "license": "MIT"
    },
    "node_modules/@tonaljs/interval": {
      "version": "4.8.2",
      "resolved": "https://registry.npmjs.org/@tonaljs/interval/-/interval-4.8.2.tgz",
      "integrity": "sha512-9SEuJuqFdmu9lnvMmJtxbReQcQvZ1YHXhCcxaF6Re23/w+BqiJvvkvNZhfWH+n1+g0uaSdTsuvMfamp7hAvPMw==",
      "license": "MIT",
      "dependencies": {
        "@tonaljs/pitch": "^5.0.1",
        "@tonaljs/pitch-distance": "^5.0.2",
        "@tonaljs/pitch-interval": "^5.0.2"
      }
    },
    "node_modules/@tonaljs/key": {
      "version": "4.11.2",
      "resolved": "https://registry.npmjs.org/@tonaljs/key/-/key-4.11.2.tgz",
      "integrity": "sha512-fc1y5+NwS4S3amirzYLLB324PxJDO00oIBbLJclAddc46UBeYnu4FNz+1nZboHCXRQ/06/ftuaWD/l7HrAoulw==",
      "license": "MIT",
      "dependencies": {
        "@tonaljs/note": "4.12.1",
        "@tonaljs/pitch-note": "6.1.0",
        "@tonaljs/roman-numeral": "4.9.1"
      }
    },
    "node_modules/@tonaljs/midi": {
      "version": "4.10.2",
      "resolved": "https://registry.npmjs.org/@tonaljs/midi/-/midi-4.10.2.tgz",
      "integrity": "sha512-MPamXhEwPL7L1udLfYMm3Ft8mLYtHr62Zi2w5zYHM2P7YwIvNoiX0+dvAN5is1Wvq4iVRa8AjFHerjOW/SZhGg==",
      "license": "MIT",
      "dependencies": {
        "@tonaljs/pitch-note": "6.1.0"
      }
    },
    "node_modules/@tonaljs/mode": {
      "version": "4.9.1",
      "resolved": "https://registry.npmjs.org/@tonaljs/mode/-/mode-4.9.1.tgz",
      "integrity": "sha512-h+K7eOUKpyX7kMRCwCew6cV1oN0sZYD5LLeKD7zEERNd/6wvGBfGCdMZECGqzpFUmjUyCY87IOntem6EPbKVCg==",
      "license": "MIT",
      "dependencies": {
        "@tonaljs/collection": "4.9.0",
        "@tonaljs/interval": "5.1.0",
        "@tonaljs/pcset": "4.10.1",
        "@tonaljs/pitch-distance": "5.0.5",
        "@tonaljs/pitch-note": "6.1.0",
        "@tonaljs/scale-type": "4.9.1"
      }
    },
    "node_modules/@tonaljs/mode/node_modules/@tonaljs/interval": {
      "version": "5.1.0",
      "resolved": "https://registry.npmjs.org/@tonaljs/interval/-/interval-5.1.0.tgz",
      "integrity": "sha512-GR9dUjn0j7yhjwjRh8HQxZYXOiVl05WfY3AFyMB9rfg807K4dSJmWfPTULPQXyHJ6NiZOPXcwRs8MxMLDxgdbg==",
      "license": "MIT",
      "dependencies": {
        "@tonaljs/pitch": "^5.0.2",
        "@tonaljs/pitch-distance": "^5.0.4",
        "@tonaljs/pitch-interval": "^6.0.0"
      }
    },
    "node_modules/@tonaljs/mode/node_modules/@tonaljs/pitch": {
      "version": "5.0.2",
      "resolved": "https://registry.npmjs.org/@tonaljs/pitch/-/pitch-5.0.2.tgz",
      "integrity": "sha512-mxaXJPPe+LIJdjzpZEl8I8Wx3dEvlzkBbsr2Ltwc2dTAdnErAZ5R0TxVq2egF27lMvQN2QPQPWI9iDPPdVUmrg==",
      "license": "MIT"
    },
    "node_modules/@tonaljs/mode/node_modules/@tonaljs/pitch-interval": {
      "version": "6.1.0",
      "resolved": "https://registry.npmjs.org/@tonaljs/pitch-interval/-/pitch-interval-6.1.0.tgz",
      "integrity": "sha512-9ZMxA7V4UgySnOKPIG6HECzhDb8mbiTCIdNNIzCIfz5XpjUmohku2YZpVVWMacLHgyeQicJzNoRiPel5oSAn4A==",
      "license": "MIT",
      "dependencies": {
        "@tonaljs/pitch": "5.0.2"
      }
    },
    "node_modules/@tonaljs/note": {
      "version": "4.12.1",
      "resolved": "https://registry.npmjs.org/@tonaljs/note/-/note-4.12.1.tgz",
      "integrity": "sha512-yh6cnhu21bUb0VuIQWxObSbWBVp2cHIkJj4zZ4qsNOW4jSqn74+wHpSbOTDF8q+2hl6upz7TtBRavtqwPtLUCQ==",
      "license": "MIT",
      "dependencies": {
        "@tonaljs/midi": "4.10.2",
        "@tonaljs/pitch": "5.0.2",
        "@tonaljs/pitch-distance": "5.0.5",
        "@tonaljs/pitch-interval": "6.1.0",
        "@tonaljs/pitch-note": "6.1.0"
      }
    },
    "node_modules/@tonaljs/note/node_modules/@tonaljs/pitch": {
      "version": "5.0.2",
      "resolved": "https://registry.npmjs.org/@tonaljs/pitch/-/pitch-5.0.2.tgz",
      "integrity": "sha512-mxaXJPPe+LIJdjzpZEl8I8Wx3dEvlzkBbsr2Ltwc2dTAdnErAZ5R0TxVq2egF27lMvQN2QPQPWI9iDPPdVUmrg==",
      "license": "MIT"
    },
    "node_modules/@tonaljs/note/node_modules/@tonaljs/pitch-interval": {
      "version": "6.1.0",
      "resolved": "https://registry.npmjs.org/@tonaljs/pitch-interval/-/pitch-interval-6.1.0.tgz",
      "integrity": "sha512-9ZMxA7V4UgySnOKPIG6HECzhDb8mbiTCIdNNIzCIfz5XpjUmohku2YZpVVWMacLHgyeQicJzNoRiPel5oSAn4A==",
      "license": "MIT",
      "dependencies": {
        "@tonaljs/pitch": "5.0.2"
      }
    },
    "node_modules/@tonaljs/pcset": {
      "version": "4.10.1",
      "resolved": "https://registry.npmjs.org/@tonaljs/pcset/-/pcset-4.10.1.tgz",
      "integrity": "sha512-CZG1rpKc38yMfpEJsbDTvsTmQqsek9xxcuMgK64Tr6sP1lEiDuZJbQeKVWWRnreBF2FQ1cEGLmfOpvSO+40csA==",
      "license": "MIT",
      "dependencies": {
        "@tonaljs/collection": "4.9.0",
        "@tonaljs/pitch": "5.0.2",
        "@tonaljs/pitch-distance": "5.0.5",
        "@tonaljs/pitch-interval": "6.1.0",
        "@tonaljs/pitch-note": "6.1.0"
      }
    },
    "node_modules/@tonaljs/pcset/node_modules/@tonaljs/pitch": {
      "version": "5.0.2",
      "resolved": "https://registry.npmjs.org/@tonaljs/pitch/-/pitch-5.0.2.tgz",
      "integrity": "sha512-mxaXJPPe+LIJdjzpZEl8I8Wx3dEvlzkBbsr2Ltwc2dTAdnErAZ5R0TxVq2egF27lMvQN2QPQPWI9iDPPdVUmrg==",
      "license": "MIT"
    },
    "node_modules/@tonaljs/pcset/node_modules/@tonaljs/pitch-interval": {
      "version": "6.1.0",
      "resolved": "https://registry.npmjs.org/@tonaljs/pitch-interval/-/pitch-interval-6.1.0.tgz",
      "integrity": "sha512-9ZMxA7V4UgySnOKPIG6HECzhDb8mbiTCIdNNIzCIfz5XpjUmohku2YZpVVWMacLHgyeQicJzNoRiPel5oSAn4A==",
      "license": "MIT",
      "dependencies": {
        "@tonaljs/pitch": "5.0.2"
      }
    },
    "node_modules/@tonaljs/pitch": {
      "version": "5.0.1",
      "resolved": "https://registry.npmjs.org/@tonaljs/pitch/-/pitch-5.0.1.tgz",
      "integrity": "sha512-5HYkF4hGY0jS2y5V3Hf5gNFXX46kT4cAcI7JLEn+qQb9N1dU9Gz9koI9di0mD1Tbam+kviceiCsJl4WX/FqYjA==",
      "license": "MIT"
    },
    "node_modules/@tonaljs/pitch-distance": {
      "version": "5.0.5",
      "resolved": "https://registry.npmjs.org/@tonaljs/pitch-distance/-/pitch-distance-5.0.5.tgz",
      "integrity": "sha512-dTfjsU0zyrj5YmiFio5prPaD5w7sBmHp4nnmlEg70nHY+SerAH0KiO9HM9usttVgRFUaXl0Gc7OI8YMGfSFmug==",
      "license": "MIT",
      "dependencies": {
        "@tonaljs/pitch": "5.0.2",
        "@tonaljs/pitch-interval": "6.1.0",
        "@tonaljs/pitch-note": "6.1.0"
      }
    },
    "node_modules/@tonaljs/pitch-distance/node_modules/@tonaljs/pitch": {
      "version": "5.0.2",
      "resolved": "https://registry.npmjs.org/@tonaljs/pitch/-/pitch-5.0.2.tgz",
      "integrity": "sha512-mxaXJPPe+LIJdjzpZEl8I8Wx3dEvlzkBbsr2Ltwc2dTAdnErAZ5R0TxVq2egF27lMvQN2QPQPWI9iDPPdVUmrg==",
      "license": "MIT"
    },
    "node_modules/@tonaljs/pitch-distance/node_modules/@tonaljs/pitch-interval": {
      "version": "6.1.0",
      "resolved": "https://registry.npmjs.org/@tonaljs/pitch-interval/-/pitch-interval-6.1.0.tgz",
      "integrity": "sha512-9ZMxA7V4UgySnOKPIG6HECzhDb8mbiTCIdNNIzCIfz5XpjUmohku2YZpVVWMacLHgyeQicJzNoRiPel5oSAn4A==",
      "license": "MIT",
      "dependencies": {
        "@tonaljs/pitch": "5.0.2"
      }
    },
    "node_modules/@tonaljs/pitch-interval": {
      "version": "5.0.2",
      "resolved": "https://registry.npmjs.org/@tonaljs/pitch-interval/-/pitch-interval-5.0.2.tgz",
      "integrity": "sha512-bQmxeenRFNuuABs9mDc+bSUp3ySGw8I49pHMoGDdCcro9n3MDN8IsSwhvKoGOYErFMx76rNn1t+7WL8ukpvX5w==",
      "license": "MIT",
      "dependencies": {
        "@tonaljs/pitch": "5.0.1"
      }
    },
    "node_modules/@tonaljs/pitch-note": {
      "version": "6.1.0",
      "resolved": "https://registry.npmjs.org/@tonaljs/pitch-note/-/pitch-note-6.1.0.tgz",
      "integrity": "sha512-A4OSLo8DjM38u73862LnDmL4YInDDRBmg0fojXcvu4cyU3oOlqndyeHOra1OVoH/WW46uNIxNs1wJDZNPWL5KQ==",
      "license": "MIT",
      "dependencies": {
        "@tonaljs/pitch": "5.0.2"
      }
    },
    "node_modules/@tonaljs/pitch-note/node_modules/@tonaljs/pitch": {
      "version": "5.0.2",
      "resolved": "https://registry.npmjs.org/@tonaljs/pitch/-/pitch-5.0.2.tgz",
      "integrity": "sha512-mxaXJPPe+LIJdjzpZEl8I8Wx3dEvlzkBbsr2Ltwc2dTAdnErAZ5R0TxVq2egF27lMvQN2QPQPWI9iDPPdVUmrg==",
      "license": "MIT"
    },
    "node_modules/@tonaljs/progression": {
      "version": "4.9.1",
      "resolved": "https://registry.npmjs.org/@tonaljs/progression/-/progression-4.9.1.tgz",
      "integrity": "sha512-jHdZUNlXRmjrvbZrvjoW6syW7dO9ilhgvyouB6YuVM5lGShwTN9dsSuQYsugso9jYHkwQBgYj5SaXTTY0/0nHw==",
      "license": "MIT",
      "dependencies": {
        "@tonaljs/chord": "6.1.1",
        "@tonaljs/pitch-distance": "5.0.5",
        "@tonaljs/pitch-interval": "6.1.0",
        "@tonaljs/pitch-note": "6.1.0",
        "@tonaljs/roman-numeral": "4.9.1"
      }
    },
    "node_modules/@tonaljs/progression/node_modules/@tonaljs/chord": {
      "version": "6.1.1",
      "resolved": "https://registry.npmjs.org/@tonaljs/chord/-/chord-6.1.1.tgz",
      "integrity": "sha512-gsLyGGkOt0g5L/uF4ICpYQengahW3WAMjckyvyzvqMYpvH7fokmtcymOfbltDQzaVuYuL0TsVmbfjbah2rKEww==",
      "license": "MIT",
      "dependencies": {
        "@tonaljs/chord-detect": "4.9.1",
        "@tonaljs/chord-type": "5.1.1",
        "@tonaljs/collection": "4.9.0",
        "@tonaljs/interval": "^5.1.0",
        "@tonaljs/pcset": "4.10.1",
        "@tonaljs/pitch-distance": "5.0.5",
        "@tonaljs/pitch-note": "6.1.0",
        "@tonaljs/scale-type": "4.9.1"
      }
    },
    "node_modules/@tonaljs/progression/node_modules/@tonaljs/chord-type": {
      "version": "5.1.1",
      "resolved": "https://registry.npmjs.org/@tonaljs/chord-type/-/chord-type-5.1.1.tgz",
      "integrity": "sha512-ti4WzRYvvjH7to0G3zlJFq7WsjHqmcqbk8Jv98aZSR5YumLdY/ua2yOPPyoPq82n6vfgjZsacnAZ3v8/SodOcw==",
      "license": "MIT",
      "dependencies": {
        "@tonaljs/pcset": "4.10.1"
      }
    },
    "node_modules/@tonaljs/progression/node_modules/@tonaljs/interval": {
      "version": "5.1.0",
      "resolved": "https://registry.npmjs.org/@tonaljs/interval/-/interval-5.1.0.tgz",
      "integrity": "sha512-GR9dUjn0j7yhjwjRh8HQxZYXOiVl05WfY3AFyMB9rfg807K4dSJmWfPTULPQXyHJ6NiZOPXcwRs8MxMLDxgdbg==",
      "license": "MIT",
      "dependencies": {
        "@tonaljs/pitch": "^5.0.2",
        "@tonaljs/pitch-distance": "^5.0.4",
        "@tonaljs/pitch-interval": "^6.0.0"
      }
    },
    "node_modules/@tonaljs/progression/node_modules/@tonaljs/pitch": {
      "version": "5.0.2",
      "resolved": "https://registry.npmjs.org/@tonaljs/pitch/-/pitch-5.0.2.tgz",
      "integrity": "sha512-mxaXJPPe+LIJdjzpZEl8I8Wx3dEvlzkBbsr2Ltwc2dTAdnErAZ5R0TxVq2egF27lMvQN2QPQPWI9iDPPdVUmrg==",
      "license": "MIT"
    },
    "node_modules/@tonaljs/progression/node_modules/@tonaljs/pitch-interval": {
      "version": "6.1.0",
      "resolved": "https://registry.npmjs.org/@tonaljs/pitch-interval/-/pitch-interval-6.1.0.tgz",
      "integrity": "sha512-9ZMxA7V4UgySnOKPIG6HECzhDb8mbiTCIdNNIzCIfz5XpjUmohku2YZpVVWMacLHgyeQicJzNoRiPel5oSAn4A==",
      "license": "MIT",
      "dependencies": {
        "@tonaljs/pitch": "5.0.2"
      }
    },
    "node_modules/@tonaljs/range": {
      "version": "4.9.2",
      "resolved": "https://registry.npmjs.org/@tonaljs/range/-/range-4.9.2.tgz",
      "integrity": "sha512-XhFbCJCrEEIVz3MNmdVp9QUyiJA6eqnNnQeNqto8AuT5BYuffHDoMkBmvvjPuV5Lh8zfF9D0aqglvqPbZ+neKQ==",
      "license": "MIT",
      "dependencies": {
        "@tonaljs/collection": "4.9.0",
        "@tonaljs/midi": "4.10.2"
      }
    },
    "node_modules/@tonaljs/roman-numeral": {
      "version": "4.9.1",
      "resolved": "https://registry.npmjs.org/@tonaljs/roman-numeral/-/roman-numeral-4.9.1.tgz",
      "integrity": "sha512-dJGKBNHdPrNTE97ZDk4t6wpNmgYcpHyLkAvWkRP9I/HsDkeTFFQqNXosYIvspPWrFySlRpeqqFwcqV74MYoOag==",
      "license": "MIT",
      "dependencies": {
        "@tonaljs/pitch": "5.0.2",
        "@tonaljs/pitch-interval": "6.1.0",
        "@tonaljs/pitch-note": "6.1.0"
      }
    },
    "node_modules/@tonaljs/roman-numeral/node_modules/@tonaljs/pitch": {
      "version": "5.0.2",
      "resolved": "https://registry.npmjs.org/@tonaljs/pitch/-/pitch-5.0.2.tgz",
      "integrity": "sha512-mxaXJPPe+LIJdjzpZEl8I8Wx3dEvlzkBbsr2Ltwc2dTAdnErAZ5R0TxVq2egF27lMvQN2QPQPWI9iDPPdVUmrg==",
      "license": "MIT"
    },
    "node_modules/@tonaljs/roman-numeral/node_modules/@tonaljs/pitch-interval": {
      "version": "6.1.0",
      "resolved": "https://registry.npmjs.org/@tonaljs/pitch-interval/-/pitch-interval-6.1.0.tgz",
      "integrity": "sha512-9ZMxA7V4UgySnOKPIG6HECzhDb8mbiTCIdNNIzCIfz5XpjUmohku2YZpVVWMacLHgyeQicJzNoRiPel5oSAn4A==",
      "license": "MIT",
      "dependencies": {
        "@tonaljs/pitch": "5.0.2"
      }
    },
    "node_modules/@tonaljs/scale": {
      "version": "4.13.3",
      "resolved": "https://registry.npmjs.org/@tonaljs/scale/-/scale-4.13.3.tgz",
      "integrity": "sha512-IcPMpOm6gMQJ3A2IXZ5dN0wOhHIUonQY8abTql4BrwcVCUaItXWQfSd9t1HII+2kA6J8JCeY2BukTr6wVwAhXQ==",
      "license": "MIT",
      "dependencies": {
        "@tonaljs/chord-type": "5.1.1",
        "@tonaljs/collection": "4.9.0",
        "@tonaljs/note": "4.12.1",
        "@tonaljs/pcset": "4.10.1",
        "@tonaljs/pitch-distance": "5.0.5",
        "@tonaljs/pitch-note": "6.1.0",
        "@tonaljs/scale-type": "4.9.1"
      }
    },
    "node_modules/@tonaljs/scale-type": {
      "version": "4.9.1",
      "resolved": "https://registry.npmjs.org/@tonaljs/scale-type/-/scale-type-4.9.1.tgz",
      "integrity": "sha512-Nz2wThzz5NmWNx0vazX7MqNbF8kT1g5BEcbZcWjgkc67zhwosfZE0LEn7W9XcVDEws71b8CqQqDPKUEEybC9Rw==",
      "license": "MIT",
      "dependencies": {
        "@tonaljs/pcset": "4.10.1"
      }
    },
    "node_modules/@tonaljs/scale/node_modules/@tonaljs/chord-type": {
      "version": "5.1.1",
      "resolved": "https://registry.npmjs.org/@tonaljs/chord-type/-/chord-type-5.1.1.tgz",
      "integrity": "sha512-ti4WzRYvvjH7to0G3zlJFq7WsjHqmcqbk8Jv98aZSR5YumLdY/ua2yOPPyoPq82n6vfgjZsacnAZ3v8/SodOcw==",
      "license": "MIT",
      "dependencies": {
        "@tonaljs/pcset": "4.10.1"
      }
    },
    "node_modules/@tonaljs/time-signature": {
      "version": "4.9.0",
      "resolved": "https://registry.npmjs.org/@tonaljs/time-signature/-/time-signature-4.9.0.tgz",
      "integrity": "sha512-zRo8CBqg/2guzTlF2vxyVIuB5gmwWQaxlknJPUSDII8CTdQ/x3a1LlNoMKkvTUnqwCihe3WrNPZ5XUfOOTthYA==",
      "license": "MIT"
    },
    "node_modules/@tonaljs/tonal": {
      "version": "4.10.0",
      "resolved": "https://registry.npmjs.org/@tonaljs/tonal/-/tonal-4.10.0.tgz",
      "integrity": "sha512-F2T9Fiy+j0MVped89kCrX1XF68mQOLUnny4pDOHrIf+OkrjtLQOzzaSOrX1tx0o72WUwQm1knz6D1d57b9X1HA==",
      "license": "MIT",
      "dependencies": {
        "@tonaljs/abc-notation": "^4.8.0",
        "@tonaljs/array": "^4.8.0",
        "@tonaljs/chord": "^4.8.0",
        "@tonaljs/chord-type": "^4.8.0",
        "@tonaljs/collection": "^4.8.0",
        "@tonaljs/core": "^4.8.0",
        "@tonaljs/duration-value": "^4.8.0",
        "@tonaljs/interval": "^4.8.0",
        "@tonaljs/key": "^4.9.0",
        "@tonaljs/midi": "^4.8.0",
        "@tonaljs/mode": "^4.8.0",
        "@tonaljs/note": "^4.9.0",
        "@tonaljs/pcset": "^4.8.0",
        "@tonaljs/progression": "^4.8.0",
        "@tonaljs/range": "^4.8.0",
        "@tonaljs/roman-numeral": "^4.8.0",
        "@tonaljs/scale": "^4.9.0",
        "@tonaljs/scale-type": "^4.8.0",
        "@tonaljs/time-signature": "^4.8.0"
      }
    },
    "node_modules/@types/estree": {
      "version": "1.0.8",
      "resolved": "https://registry.npmjs.org/@types/estree/-/estree-1.0.8.tgz",
      "integrity": "sha512-dWHzHa2WqEXI/O1E9OjrocMTKJl2mSrEolh1Iomrv6U+JuNwaHXsXx9bLu5gG7BUWFIN0skIQJQ/L1rIex4X6w==",
      "license": "MIT"
    },
    "node_modules/acorn": {
      "version": "8.15.0",
      "resolved": "https://registry.npmjs.org/acorn/-/acorn-8.15.0.tgz",
      "integrity": "sha512-NZyJarBfL7nWwIq+FDL6Zp/yHEhePMNnnJ0y3qfieCrmNvYct8uvtiV41UvlSe6apAfk0fY1FbWx+NwfmpvtTg==",
      "license": "MIT",
      "bin": {
        "acorn": "bin/acorn"
      },
      "engines": {
        "node": ">=0.4.0"
      }
    },
    "node_modules/ansi-styles": {
      "version": "5.2.0",
      "resolved": "https://registry.npmjs.org/ansi-styles/-/ansi-styles-5.2.0.tgz",
      "integrity": "sha512-Cxwpt2SfTzTtXcfOlzGEee8O+c+MmUgGrNiBcXnuWxuFJHe6a5Hz7qwhwe5OgaSYI0IJvkLqWX1ASG+cJOkEiA==",
      "license": "MIT",
      "engines": {
        "node": ">=10"
      },
      "funding": {
        "url": "https://github.com/chalk/ansi-styles?sponsor=1"
      }
    },
    "node_modules/chord-voicings": {
      "version": "0.0.1",
      "resolved": "https://registry.npmjs.org/chord-voicings/-/chord-voicings-0.0.1.tgz",
      "integrity": "sha512-SutgB/4ynkkuiK6qdQ/k3QvCFcH0Vj8Ch4t6LbRyRQbVzP/TOztiCk3kvXd516UZ6fqk7ijDRELEFcKN+6V8sA==",
      "license": "ISC",
      "dependencies": {
        "@tonaljs/tonal": "^4.6.5"
      }
    },
    "node_modules/djipevents": {
      "version": "2.0.7",
      "resolved": "https://registry.npmjs.org/djipevents/-/djipevents-2.0.7.tgz",
      "integrity": "sha512-KNFYaU85imxOCKOUsIR70Iz9E19r96/X7LSH+u0tSoZdpWcBdzoqtTsU+wuLhc6GMpSFob+KInkZAbfKi01Bjg==",
      "license": "Apache-2.0",
      "dependencies": {
        "@babel/runtime": "^7.20.6"
      }
    },
    "node_modules/esbuild": {
      "version": "0.27.2",
      "resolved": "https://registry.npmjs.org/esbuild/-/esbuild-0.27.2.tgz",
      "integrity": "sha512-HyNQImnsOC7X9PMNaCIeAm4ISCQXs5a5YasTXVliKv4uuBo1dKrG0A+uQS8M5eXjVMnLg3WgXaKvprHlFJQffw==",
      "dev": true,
      "hasInstallScript": true,
      "license": "MIT",
      "bin": {
        "esbuild": "bin/esbuild"
      },
      "engines": {
        "node": ">=18"
      },
      "optionalDependencies": {
        "@esbuild/aix-ppc64": "0.27.2",
        "@esbuild/android-arm": "0.27.2",
        "@esbuild/android-arm64": "0.27.2",
        "@esbuild/android-x64": "0.27.2",
        "@esbuild/darwin-arm64": "0.27.2",
        "@esbuild/darwin-x64": "0.27.2",
        "@esbuild/freebsd-arm64": "0.27.2",
        "@esbuild/freebsd-x64": "0.27.2",
        "@esbuild/linux-arm": "0.27.2",
        "@esbuild/linux-arm64": "0.27.2",
        "@esbuild/linux-ia32": "0.27.2",
        "@esbuild/linux-loong64": "0.27.2",
        "@esbuild/linux-mips64el": "0.27.2",
        "@esbuild/linux-ppc64": "0.27.2",
        "@esbuild/linux-riscv64": "0.27.2",
        "@esbuild/linux-s390x": "0.27.2",
        "@esbuild/linux-x64": "0.27.2",
        "@esbuild/netbsd-arm64": "0.27.2",
        "@esbuild/netbsd-x64": "0.27.2",
        "@esbuild/openbsd-arm64": "0.27.2",
        "@esbuild/openbsd-x64": "0.27.2",
        "@esbuild/openharmony-arm64": "0.27.2",
        "@esbuild/sunos-x64": "0.27.2",
        "@esbuild/win32-arm64": "0.27.2",
        "@esbuild/win32-ia32": "0.27.2",
        "@esbuild/win32-x64": "0.27.2"
      }
    },
    "node_modules/escodegen": {
      "version": "2.1.0",
      "resolved": "https://registry.npmjs.org/escodegen/-/escodegen-2.1.0.tgz",
      "integrity": "sha512-2NlIDTwUWJN0mRPQOdtQBzbUHvdGY2P1VXSyU83Q3xKxM7WHX2Ql8dKq782Q9TgQUNOLEzEYu9bzLNj1q88I5w==",
      "license": "BSD-2-Clause",
      "dependencies": {
        "esprima": "^4.0.1",
        "estraverse": "^5.2.0",
        "esutils": "^2.0.2"
      },
      "bin": {
        "escodegen": "bin/escodegen.js",
        "esgenerate": "bin/esgenerate.js"
      },
      "engines": {
        "node": ">=6.0"
      },
      "optionalDependencies": {
        "source-map": "~0.6.1"
      }
    },
    "node_modules/esprima": {
      "version": "4.0.1",
      "resolved": "https://registry.npmjs.org/esprima/-/esprima-4.0.1.tgz",
      "integrity": "sha512-eGuFFw7Upda+g4p+QHvnW0RyTX/SVeJBDM/gCtMARO0cLuT2HcEKnTPvhjV6aGeqrCB/sbNop0Kszm0jsaWU4A==",
      "license": "BSD-2-Clause",
      "bin": {
        "esparse": "bin/esparse.js",
        "esvalidate": "bin/esvalidate.js"
      },
      "engines": {
        "node": ">=4"
      }
    },
    "node_modules/estraverse": {
      "version": "5.3.0",
      "resolved": "https://registry.npmjs.org/estraverse/-/estraverse-5.3.0.tgz",
      "integrity": "sha512-MMdARuVEQziNTeJD8DgMqmhwR11BRQ/cBP+pLtYdSTnf3MIO8fFeiINEbX36ZdNlfU/7A9f3gUw49B3oQsvwBA==",
      "license": "BSD-2-Clause",
      "engines": {
        "node": ">=4.0"
      }
    },
    "node_modules/estree-walker": {
      "version": "3.0.3",
      "resolved": "https://registry.npmjs.org/estree-walker/-/estree-walker-3.0.3.tgz",
      "integrity": "sha512-7RUKfXgSMMkzt6ZuXmqapOurLGPPfgj6l9uRZ7lRGolvk0y2yocc35LdcxKC5PQZdn2DMqioAQ2NoWcrTKmm6g==",
      "license": "MIT",
      "dependencies": {
        "@types/estree": "^1.0.0"
      }
    },
    "node_modules/esutils": {
      "version": "2.0.3",
      "resolved": "https://registry.npmjs.org/esutils/-/esutils-2.0.3.tgz",
      "integrity": "sha512-kVscqXk4OCp68SZ0dkgEKVi6/8ij300KBWTJq32P/dYeWTSwK41WyTxalN1eRmA5Z9UU/LX9D7FWSmV9SAYx6g==",
      "license": "BSD-2-Clause",
      "engines": {
        "node": ">=0.10.0"
      }
    },
    "node_modules/fraction.js": {
      "version": "5.3.4",
      "resolved": "https://registry.npmjs.org/fraction.js/-/fraction.js-5.3.4.tgz",
      "integrity": "sha512-1X1NTtiJphryn/uLQz3whtY6jK3fTqoE3ohKs0tT+Ujr1W59oopxmoEh7Lu5p6vBaPbgoM0bzveAW4Qi5RyWDQ==",
      "license": "MIT",
      "engines": {
        "node": "*"
      },
      "funding": {
        "type": "github",
        "url": "https://github.com/sponsors/rawify"
      }
    },
    "node_modules/jazz-midi": {
      "version": "1.7.9",
      "resolved": "https://registry.npmjs.org/jazz-midi/-/jazz-midi-1.7.9.tgz",
      "integrity": "sha512-c8c4BBgwxdsIr1iVm53nadCrtH7BUlnX3V95ciK/gbvXN/ndE5+POskBalXgqlc/r9p2XUbdLTrgrC6fou5p9w==",
      "license": "MIT",
      "optional": true,
      "engines": {
        "node": ">=10.0.0"
      }
    },
    "node_modules/jzz": {
      "version": "1.9.6",
      "resolved": "https://registry.npmjs.org/jzz/-/jzz-1.9.6.tgz",
      "integrity": "sha512-J7ENLhXwfm2BNDKRUrL8eKtPhUS/CtMBpiafxQHDBcOWSocLhearDKEdh+ylnZFcr5OXWTed0gj6l/txeQA9vg==",
      "license": "MIT",
      "optional": true,
      "dependencies": {
        "jazz-midi": "^1.7.9"
      }
    },
    "node_modules/pretty-format": {
      "version": "30.2.0",
      "resolved": "https://registry.npmjs.org/pretty-format/-/pretty-format-30.2.0.tgz",
      "integrity": "sha512-9uBdv/B4EefsuAL+pWqueZyZS2Ba+LxfFeQ9DN14HU4bN8bhaxKdkpjpB6fs9+pSjIBu+FXQHImEg8j/Lw0+vA==",
      "license": "MIT",
      "dependencies": {
        "@jest/schemas": "30.0.5",
        "ansi-styles": "^5.2.0",
        "react-is": "^18.3.1"
      },
      "engines": {
        "node": "^18.14.0 || ^20.0.0 || ^22.0.0 || >=24.0.0"
      }
    },
    "node_modules/react-is": {
      "version": "18.3.1",
      "resolved": "https://registry.npmjs.org/react-is/-/react-is-18.3.1.tgz",
      "integrity": "sha512-/LLMVyas0ljjAtoYiPqYiL8VWXzUUdThrmU5+n20DZv+a+ClRoevUzw5JxU+Ieh5/c87ytoTBV9G1FiKfNJdmg==",
      "license": "MIT"
    },
    "node_modules/source-map": {
      "version": "0.6.1",
      "resolved": "https://registry.npmjs.org/source-map/-/source-map-0.6.1.tgz",
      "integrity": "sha512-UjgapumWlbMhkBgzT7Ykc5YXUT46F0iKu8SGXq0bcwP5dz/h0Plj6enJqjz1Zbq2l5WaqYnrVbwWOWMyF3F47g==",
      "license": "BSD-3-Clause",
      "optional": true,
      "engines": {
        "node": ">=0.10.0"
      }
    },
    "node_modules/webmidi": {
      "version": "3.1.14",
      "resolved": "https://registry.npmjs.org/webmidi/-/webmidi-3.1.14.tgz",
      "integrity": "sha512-K9GzNm0J3R/61NJWAW7ipAJGWU5D/8bEjOir3PymFjLDpbQJ+ygjvm5jx/WQ8atQ1hu23St3lvnc5g1NKbOsrw==",
      "license": "Apache-2.0",
      "dependencies": {
        "djipevents": "^2.0.7"
      },
      "engines": {
        "node": ">=8.5"
      },
      "optionalDependencies": {
        "jzz": "^1.8.5"
      }
    }
  }
}
